
Microsoft Visual Studio Solution File, Format Version 12.00
# Visual Studio Version 17
VisualStudioVersion = 17.9.34622.214
MinimumVisualStudioVersion = 10.0.40219.1
Project("{FAE04EC0-301F-11D3-BF4B-00C04F79EFBC}") = "AljabarImplementation", "AljabarImplementation\AljabarImplementation.csproj", "{55F09291-663A-435C-8B7C-59DB2726C667}"
EndProject
Global
	GlobalSection(SolutionConfigurationPlatforms) = preSolution
		Debug|Any CPU = Debug|Any CPU
		Release|Any CPU = Release|Any CPU
	EndGlobalSection
	GlobalSection(ProjectConfigurationPlatforms) = postSolution
		{55F09291-663A-435C-8B7C-59DB2726C667}.Debug|Any CPU.ActiveCfg = Debug|Any CPU
		{55F09291-663A-435C-8B7C-59DB2726C667}.Debug|Any CPU.Build.0 = Debug|Any CPU
		{55F09291-663A-435C-8B7C-59DB2726C667}.Release|Any CPU.ActiveCfg = Release|Any CPU
		{55F09291-663A-435C-8B7C-59DB2726C667}.Release|Any CPU.Build.0 = Release|Any CPU
	EndGlobalSection
	GlobalSection(SolutionProperties) = preSolution
		HideSolutionNode = FALSE
	EndGlobalSection
	GlobalSection(ExtensibilityGlobals) = postSolution
		SolutionGuid = {3B7CB7C6-8CEF-4609-A69F-1EE5C22BFB80}
	EndGlobalSection
EndGlobal
